
Microsoft Visual Studio Solution File, Format Version 12.00
# Visual Studio 15
VisualStudioVersion = 15.0.28307.329
MinimumVisualStudioVersion = 10.0.40219.1
Project("{FAE04EC0-301F-11D3-BF4B-00C04F79EFBC}") = "Nullable24hTimePicker.Android", "Nullable24hTimePicker\Nullable24hTimePicker.Android\Nullable24hTimePicker.Android.csproj", "{2FBF4460-F541-4537-803A-0ED3D056F887}"
EndProject
Project("{FAE04EC0-301F-11D3-BF4B-00C04F79EFBC}") = "Nullable24hTimePicker.iOS", "Nullable24hTimePicker\Nullable24hTimePicker.iOS\Nullable24hTimePicker.iOS.csproj", "{7A435FEC-0CAB-4E8B-B9BA-9D3DA190FCAE}"
EndProject
Project("{FAE04EC0-301F-11D3-BF4B-00C04F79EFBC}") = "Nullable24hTimePicker", "Nullable24hTimePicker\Nullable24hTimePicker\Nullable24hTimePicker.csproj", "{A2A98A80-EBBA-480E-ACA7-A605ACE7B806}"
EndProject
Global
	GlobalSection(SolutionConfigurationPlatforms) = preSolution
		Ad-Hoc|Any CPU = Ad-Hoc|Any CPU
		Ad-Hoc|iPhone = Ad-Hoc|iPhone
		Ad-Hoc|iPhoneSimulator = Ad-Hoc|iPhoneSimulator
		AppStore|Any CPU = AppStore|Any CPU
		AppStore|iPhone = AppStore|iPhone
		AppStore|iPhoneSimulator = AppStore|iPhoneSimulator
		Debug|Any CPU = Debug|Any CPU
		Debug|iPhone = Debug|iPhone
		Debug|iPhoneSimulator = Debug|iPhoneSimulator
		Release|Any CPU = Release|Any CPU
		Release|iPhone = Release|iPhone
		Release|iPhoneSimulator = Release|iPhoneSimulator
	EndGlobalSection
	GlobalSection(ProjectConfigurationPlatforms) = postSolution
		{2FBF4460-F541-4537-803A-0ED3D056F887}.Ad-Hoc|Any CPU.ActiveCfg = Release|Any CPU
		{2FBF4460-F541-4537-803A-0ED3D056F887}.Ad-Hoc|Any CPU.Build.0 = Release|Any CPU
		{2FBF4460-F541-4537-803A-0ED3D056F887}.Ad-Hoc|Any CPU.Deploy.0 = Release|Any CPU
		{2FBF4460-F541-4537-803A-0ED3D056F887}.Ad-Hoc|iPhone.ActiveCfg = Release|Any CPU
		{2FBF4460-F541-4537-803A-0ED3D056F887}.Ad-Hoc|iPhone.Build.0 = Release|Any CPU
		{2FBF4460-F541-4537-803A-0ED3D056F887}.Ad-Hoc|iPhone.Deploy.0 = Release|Any CPU
		{2FBF4460-F541-4537-803A-0ED3D056F887}.Ad-Hoc|iPhoneSimulator.ActiveCfg = Release|Any CPU
		{2FBF4460-F541-4537-803A-0ED3D056F887}.Ad-Hoc|iPhoneSimulator.Build.0 = Release|Any CPU
		{2FBF4460-F541-4537-803A-0ED3D056F887}.Ad-Hoc|iPhoneSimulator.Deploy.0 = Release|Any CPU
		{2FBF4460-F541-4537-803A-0ED3D056F887}.AppStore|Any CPU.ActiveCfg = Release|Any CPU
		{2FBF4460-F541-4537-803A-0ED3D056F887}.AppStore|Any CPU.Build.0 = Release|Any CPU
		{2FBF4460-F541-4537-803A-0ED3D056F887}.AppStore|Any CPU.Deploy.0 = Release|Any CPU
		{2FBF4460-F541-4537-803A-0ED3D056F887}.AppStore|iPhone.ActiveCfg = Release|Any CPU
		{2FBF4460-F541-4537-803A-0ED3D056F887}.AppStore|iPhone.Build.0 = Release|Any CPU
		{2FBF4460-F541-4537-803A-0ED3D056F887}.AppStore|iPhone.Deploy.0 = Release|Any CPU
		{2FBF4460-F541-4537-803A-0ED3D056F887}.AppStore|iPhoneSimulator.ActiveCfg = Release|Any CPU
		{2FBF4460-F541-4537-803A-0ED3D056F887}.AppStore|iPhoneSimulator.Build.0 = Release|Any CPU
		{2FBF4460-F541-4537-803A-0ED3D056F887}.AppStore|iPhoneSimulator.Deploy.0 = Release|Any CPU
		{2FBF4460-F541-4537-803A-0ED3D056F887}.Debug|Any CPU.ActiveCfg = Debug|Any CPU
		{2FBF4460-F541-4537-803A-0ED3D056F887}.Debug|Any CPU.Build.0 = Debug|Any CPU
		{2FBF4460-F541-4537-803A-0ED3D056F887}.Debug|Any CPU.Deploy.0 = Debug|Any CPU
		{2FBF4460-F541-4537-803A-0ED3D056F887}.Debug|iPhone.ActiveCfg = Debug|Any CPU
		{2FBF4460-F541-4537-803A-0ED3D056F887}.Debug|iPhone.Build.0 = Debug|Any CPU
		{2FBF4460-F541-4537-803A-0ED3D056F887}.Debug|iPhone.Deploy.0 = Debug|Any CPU
		{2FBF4460-F541-4537-803A-0ED3D056F887}.Debug|iPhoneSimulator.ActiveCfg = Debug|Any CPU
		{2FBF4460-F541-4537-803A-0ED3D056F887}.Debug|iPhoneSimulator.Build.0 = Debug|Any CPU
		{2FBF4460-F541-4537-803A-0ED3D056F887}.Debug|iPhoneSimulator.Deploy.0 = Debug|Any CPU
		{2FBF4460-F541-4537-803A-0ED3D056F887}.Release|Any CPU.ActiveCfg = Release|Any CPU
		{2FBF4460-F541-4537-803A-0ED3D056F887}.Release|Any CPU.Build.0 = Release|Any CPU
		{2FBF4460-F541-4537-803A-0ED3D056F887}.Release|Any CPU.Deploy.0 = Release|Any CPU
		{2FBF4460-F541-4537-803A-0ED3D056F887}.Release|iPhone.ActiveCfg = Release|Any CPU
		{2FBF4460-F541-4537-803A-0ED3D056F887}.Release|iPhone.Build.0 = Release|Any CPU
		{2FBF4460-F541-4537-803A-0ED3D056F887}.Release|iPhone.Deploy.0 = Release|Any CPU
		{2FBF4460-F541-4537-803A-0ED3D056F887}.Release|iPhoneSimulator.ActiveCfg = Release|Any CPU
		{2FBF4460-F541-4537-803A-0ED3D056F887}.Release|iPhoneSimulator.Build.0 = Release|Any CPU
		{2FBF4460-F541-4537-803A-0ED3D056F887}.Release|iPhoneSimulator.Deploy.0 = Release|Any CPU
		{7A435FEC-0CAB-4E8B-B9BA-9D3DA190FCAE}.Ad-Hoc|Any CPU.ActiveCfg = Ad-Hoc|iPhone
		{7A435FEC-0CAB-4E8B-B9BA-9D3DA190FCAE}.Ad-Hoc|Any CPU.Build.0 = Ad-Hoc|iPhone
		{7A435FEC-0CAB-4E8B-B9BA-9D3DA190FCAE}.Ad-Hoc|Any CPU.Deploy.0 = Ad-Hoc|iPhone
		{7A435FEC-0CAB-4E8B-B9BA-9D3DA190FCAE}.Ad-Hoc|iPhone.ActiveCfg = Ad-Hoc|iPhone
		{7A435FEC-0CAB-4E8B-B9BA-9D3DA190FCAE}.Ad-Hoc|iPhone.Build.0 = Ad-Hoc|iPhone
		{7A435FEC-0CAB-4E8B-B9BA-9D3DA190FCAE}.Ad-Hoc|iPhone.Deploy.0 = Ad-Hoc|iPhone
		{7A435FEC-0CAB-4E8B-B9BA-9D3DA190FCAE}.Ad-Hoc|iPhoneSimulator.ActiveCfg = Ad-Hoc|iPhoneSimulator
		{7A435FEC-0CAB-4E8B-B9BA-9D3DA190FCAE}.Ad-Hoc|iPhoneSimulator.Build.0 = Ad-Hoc|iPhoneSimulator
		{7A435FEC-0CAB-4E8B-B9BA-9D3DA190FCAE}.Ad-Hoc|iPhoneSimulator.Deploy.0 = Ad-Hoc|iPhoneSimulator
		{7A435FEC-0CAB-4E8B-B9BA-9D3DA190FCAE}.AppStore|Any CPU.ActiveCfg = AppStore|iPhone
		{7A435FEC-0CAB-4E8B-B9BA-9D3DA190FCAE}.AppStore|Any CPU.Build.0 = AppStore|iPhone
		{7A435FEC-0CAB-4E8B-B9BA-9D3DA190FCAE}.AppStore|Any CPU.Deploy.0 = AppStore|iPhone
		{7A435FEC-0CAB-4E8B-B9BA-9D3DA190FCAE}.AppStore|iPhone.ActiveCfg = AppStore|iPhone
		{7A435FEC-0CAB-4E8B-B9BA-9D3DA190FCAE}.AppStore|iPhone.Build.0 = AppStore|iPhone
		{7A435FEC-0CAB-4E8B-B9BA-9D3DA190FCAE}.AppStore|iPhone.Deploy.0 = AppStore|iPhone
		{7A435FEC-0CAB-4E8B-B9BA-9D3DA190FCAE}.AppStore|iPhoneSimulator.ActiveCfg = AppStore|iPhoneSimulator
		{7A435FEC-0CAB-4E8B-B9BA-9D3DA190FCAE}.AppStore|iPhoneSimulator.Build.0 = AppStore|iPhoneSimulator
		{7A435FEC-0CAB-4E8B-B9BA-9D3DA190FCAE}.AppStore|iPhoneSimulator.Deploy.0 = AppStore|iPhoneSimulator
		{7A435FEC-0CAB-4E8B-B9BA-9D3DA190FCAE}.Debug|Any CPU.ActiveCfg = Debug|iPhoneSimulator
		{7A435FEC-0CAB-4E8B-B9BA-9D3DA190FCAE}.Debug|Any CPU.Build.0 = Debug|iPhoneSimulator
		{7A435FEC-0CAB-4E8B-B9BA-9D3DA190FCAE}.Debug|Any CPU.Deploy.0 = Debug|iPhoneSimulator
		{7A435FEC-0CAB-4E8B-B9BA-9D3DA190FCAE}.Debug|iPhone.ActiveCfg = Debug|iPhone
		{7A435FEC-0CAB-4E8B-B9BA-9D3DA190FCAE}.Debug|iPhone.Build.0 = Debug|iPhone
		{7A435FEC-0CAB-4E8B-B9BA-9D3DA190FCAE}.Debug|iPhone.Deploy.0 = Debug|iPhone
		{7A435FEC-0CAB-4E8B-B9BA-9D3DA190FCAE}.Debug|iPhoneSimulator.ActiveCfg = Debug|iPhoneSimulator
		{7A435FEC-0CAB-4E8B-B9BA-9D3DA190FCAE}.Debug|iPhoneSimulator.Build.0 = Debug|iPhoneSimulator
		{7A435FEC-0CAB-4E8B-B9BA-9D3DA190FCAE}.Debug|iPhoneSimulator.Deploy.0 = Debug|iPhoneSimulator
		{7A435FEC-0CAB-4E8B-B9BA-9D3DA190FCAE}.Release|Any CPU.ActiveCfg = Release|iPhone
		{7A435FEC-0CAB-4E8B-B9BA-9D3DA190FCAE}.Release|Any CPU.Build.0 = Release|iPhone
		{7A435FEC-0CAB-4E8B-B9BA-9D3DA190FCAE}.Release|Any CPU.Deploy.0 = Release|iPhone
		{7A435FEC-0CAB-4E8B-B9BA-9D3DA190FCAE}.Release|iPhone.ActiveCfg = Release|iPhone
		{7A435FEC-0CAB-4E8B-B9BA-9D3DA190FCAE}.Release|iPhone.Build.0 = Release|iPhone
		{7A435FEC-0CAB-4E8B-B9BA-9D3DA190FCAE}.Release|iPhone.Deploy.0 = Release|iPhone
		{7A435FEC-0CAB-4E8B-B9BA-9D3DA190FCAE}.Release|iPhoneSimulator.ActiveCfg = Release|iPhoneSimulator
		{7A435FEC-0CAB-4E8B-B9BA-9D3DA190FCAE}.Release|iPhoneSimulator.Build.0 = Release|iPhoneSimulator
		{7A435FEC-0CAB-4E8B-B9BA-9D3DA190FCAE}.Release|iPhoneSimulator.Deploy.0 = Release|iPhoneSimulator
		{A2A98A80-EBBA-480E-ACA7-A605ACE7B806}.Ad-Hoc|Any CPU.ActiveCfg = Debug|Any CPU
		{A2A98A80-EBBA-480E-ACA7-A605ACE7B806}.Ad-Hoc|Any CPU.Build.0 = Debug|Any CPU
		{A2A98A80-EBBA-480E-ACA7-A605ACE7B806}.Ad-Hoc|Any CPU.Deploy.0 = Debug|Any CPU
		{A2A98A80-EBBA-480E-ACA7-A605ACE7B806}.Ad-Hoc|iPhone.ActiveCfg = Debug|Any CPU
		{A2A98A80-EBBA-480E-ACA7-A605ACE7B806}.Ad-Hoc|iPhone.Build.0 = Debug|Any CPU
		{A2A98A80-EBBA-480E-ACA7-A605ACE7B806}.Ad-Hoc|iPhone.Deploy.0 = Debug|Any CPU
		{A2A98A80-EBBA-480E-ACA7-A605ACE7B806}.Ad-Hoc|iPhoneSimulator.ActiveCfg = Debug|Any CPU
		{A2A98A80-EBBA-480E-ACA7-A605ACE7B806}.Ad-Hoc|iPhoneSimulator.Build.0 = Debug|Any CPU
		{A2A98A80-EBBA-480E-ACA7-A605ACE7B806}.Ad-Hoc|iPhoneSimulator.Deploy.0 = Debug|Any CPU
		{A2A98A80-EBBA-480E-ACA7-A605ACE7B806}.AppStore|Any CPU.ActiveCfg = Debug|Any CPU
		{A2A98A80-EBBA-480E-ACA7-A605ACE7B806}.AppStore|Any CPU.Build.0 = Debug|Any CPU
		{A2A98A80-EBBA-480E-ACA7-A605ACE7B806}.AppStore|Any CPU.Deploy.0 = Debug|Any CPU
		{A2A98A80-EBBA-480E-ACA7-A605ACE7B806}.AppStore|iPhone.ActiveCfg = Debug|Any CPU
		{A2A98A80-EBBA-480E-ACA7-A605ACE7B806}.AppStore|iPhone.Build.0 = Debug|Any CPU
		{A2A98A80-EBBA-480E-ACA7-A605ACE7B806}.AppStore|iPhone.Deploy.0 = Debug|Any CPU
		{A2A98A80-EBBA-480E-ACA7-A605ACE7B806}.AppStore|iPhoneSimulator.ActiveCfg = Debug|Any CPU
		{A2A98A80-EBBA-480E-ACA7-A605ACE7B806}.AppStore|iPhoneSimulator.Build.0 = Debug|Any CPU
		{A2A98A80-EBBA-480E-ACA7-A605ACE7B806}.AppStore|iPhoneSimulator.Deploy.0 = Debug|Any CPU
		{A2A98A80-EBBA-480E-ACA7-A605ACE7B806}.Debug|Any CPU.ActiveCfg = Debug|Any CPU
		{A2A98A80-EBBA-480E-ACA7-A605ACE7B806}.Debug|Any CPU.Build.0 = Debug|Any CPU
		{A2A98A80-EBBA-480E-ACA7-A605ACE7B806}.Debug|Any CPU.Deploy.0 = Debug|Any CPU
		{A2A98A80-EBBA-480E-ACA7-A605ACE7B806}.Debug|iPhone.ActiveCfg = Debug|Any CPU
		{A2A98A80-EBBA-480E-ACA7-A605ACE7B806}.Debug|iPhone.Build.0 = Debug|Any CPU
		{A2A98A80-EBBA-480E-ACA7-A605ACE7B806}.Debug|iPhone.Deploy.0 = Debug|Any CPU
		{A2A98A80-EBBA-480E-ACA7-A605ACE7B806}.Debug|iPhoneSimulator.ActiveCfg = Debug|Any CPU
		{A2A98A80-EBBA-480E-ACA7-A605ACE7B806}.Debug|iPhoneSimulator.Build.0 = Debug|Any CPU
		{A2A98A80-EBBA-480E-ACA7-A605ACE7B806}.Debug|iPhoneSimulator.Deploy.0 = Debug|Any CPU
		{A2A98A80-EBBA-480E-ACA7-A605ACE7B806}.Release|Any CPU.ActiveCfg = Release|Any CPU
		{A2A98A80-EBBA-480E-ACA7-A605ACE7B806}.Release|Any CPU.Build.0 = Release|Any CPU
		{A2A98A80-EBBA-480E-ACA7-A605ACE7B806}.Release|Any CPU.Deploy.0 = Release|Any CPU
		{A2A98A80-EBBA-480E-ACA7-A605ACE7B806}.Release|iPhone.ActiveCfg = Release|Any CPU
		{A2A98A80-EBBA-480E-ACA7-A605ACE7B806}.Release|iPhone.Build.0 = Release|Any CPU
		{A2A98A80-EBBA-480E-ACA7-A605ACE7B806}.Release|iPhone.Deploy.0 = Release|Any CPU
		{A2A98A80-EBBA-480E-ACA7-A605ACE7B806}.Release|iPhoneSimulator.ActiveCfg = Release|Any CPU
		{A2A98A80-EBBA-480E-ACA7-A605ACE7B806}.Release|iPhoneSimulator.Build.0 = Release|Any CPU
		{A2A98A80-EBBA-480E-ACA7-A605ACE7B806}.Release|iPhoneSimulator.Deploy.0 = Release|Any CPU
	EndGlobalSection
	GlobalSection(SolutionProperties) = preSolution
		HideSolutionNode = FALSE
	EndGlobalSection
	GlobalSection(ExtensibilityGlobals) = postSolution
		SolutionGuid = {10F02826-20C4-43B4-88F4-52D7A553B59D}
	EndGlobalSection
EndGlobal
